
Microsoft Visual Studio Solution File, Format Version 12.00
# Visual Studio Version 17
VisualStudioVersion = 17.14.36221.1
MinimumVisualStudioVersion = 10.0.40219.1
Project("{FAE04EC0-301F-11D3-BF4B-00C04F79EFBC}") = "Application", "src\Application\Application.csproj", "{4E289CF1-0D5A-4F02-8ED4-AC793C860316}"
EndProject
Project("{FAE04EC0-301F-11D3-BF4B-00C04F79EFBC}") = "Application.AppHost", "src\Application.AppHost\Application.AppHost.csproj", "{94062D84-A940-42EE-99EF-A4B6A6EA45CE}"
EndProject
Project("{FAE04EC0-301F-11D3-BF4B-00C04F79EFBC}") = "Application.ServiceDefaults", "src\Application.ServiceDefaults\Application.ServiceDefaults.csproj", "{53049761-FDE2-6E8F-2404-FE1FAEB0A930}"
EndProject
Project("{FAE04EC0-301F-11D3-BF4B-00C04F79EFBC}") = "Application.IntegrationTests", "tests\Application.IntegrationTests\Application.IntegrationTests.csproj", "{BC10B978-9CA4-6935-C501-8DD3B1F9BAEB}"
EndProject
Project("{FAE04EC0-301F-11D3-BF4B-00C04F79EFBC}") = "Application.Services.DatabaseMigrations", "src\Application.Services.DatabaseMigrations\Application.Services.DatabaseMigrations.csproj", "{400F4D89-A5CE-4272-941F-E53A3973F02D}"
EndProject
Project("{2150E333-8FDC-42A3-9474-1A3956D46DE8}") = "Tests", "Tests", "{02EA681E-C7D8-13C7-8484-4AC65E1B71E8}"
EndProject
Project("{FAE04EC0-301F-11D3-BF4B-00C04F79EFBC}") = "Application.Services.IdentityApi", "src\Application.Services.IdentityApi\Application.Services.IdentityApi.csproj", "{B7321032-63EC-448C-9183-45BDB2ECAC7B}"
EndProject
Global
	GlobalSection(SolutionConfigurationPlatforms) = preSolution
		Debug|Any CPU = Debug|Any CPU
		Release|Any CPU = Release|Any CPU
	EndGlobalSection
	GlobalSection(ProjectConfigurationPlatforms) = postSolution
		{4E289CF1-0D5A-4F02-8ED4-AC793C860316}.Debug|Any CPU.ActiveCfg = Debug|Any CPU
		{4E289CF1-0D5A-4F02-8ED4-AC793C860316}.Debug|Any CPU.Build.0 = Debug|Any CPU
		{4E289CF1-0D5A-4F02-8ED4-AC793C860316}.Release|Any CPU.ActiveCfg = Release|Any CPU
		{4E289CF1-0D5A-4F02-8ED4-AC793C860316}.Release|Any CPU.Build.0 = Release|Any CPU
		{94062D84-A940-42EE-99EF-A4B6A6EA45CE}.Debug|Any CPU.ActiveCfg = Debug|Any CPU
		{94062D84-A940-42EE-99EF-A4B6A6EA45CE}.Debug|Any CPU.Build.0 = Debug|Any CPU
		{94062D84-A940-42EE-99EF-A4B6A6EA45CE}.Release|Any CPU.ActiveCfg = Release|Any CPU
		{94062D84-A940-42EE-99EF-A4B6A6EA45CE}.Release|Any CPU.Build.0 = Release|Any CPU
		{53049761-FDE2-6E8F-2404-FE1FAEB0A930}.Debug|Any CPU.ActiveCfg = Debug|Any CPU
		{53049761-FDE2-6E8F-2404-FE1FAEB0A930}.Debug|Any CPU.Build.0 = Debug|Any CPU
		{53049761-FDE2-6E8F-2404-FE1FAEB0A930}.Release|Any CPU.ActiveCfg = Release|Any CPU
		{53049761-FDE2-6E8F-2404-FE1FAEB0A930}.Release|Any CPU.Build.0 = Release|Any CPU
		{BC10B978-9CA4-6935-C501-8DD3B1F9BAEB}.Debug|Any CPU.ActiveCfg = Debug|Any CPU
		{BC10B978-9CA4-6935-C501-8DD3B1F9BAEB}.Debug|Any CPU.Build.0 = Debug|Any CPU
		{BC10B978-9CA4-6935-C501-8DD3B1F9BAEB}.Release|Any CPU.ActiveCfg = Release|Any CPU
		{BC10B978-9CA4-6935-C501-8DD3B1F9BAEB}.Release|Any CPU.Build.0 = Release|Any CPU
		{400F4D89-A5CE-4272-941F-E53A3973F02D}.Debug|Any CPU.ActiveCfg = Debug|Any CPU
		{400F4D89-A5CE-4272-941F-E53A3973F02D}.Debug|Any CPU.Build.0 = Debug|Any CPU
		{400F4D89-A5CE-4272-941F-E53A3973F02D}.Release|Any CPU.ActiveCfg = Release|Any CPU
		{400F4D89-A5CE-4272-941F-E53A3973F02D}.Release|Any CPU.Build.0 = Release|Any CPU
		{B7321032-63EC-448C-9183-45BDB2ECAC7B}.Debug|Any CPU.ActiveCfg = Debug|Any CPU
		{B7321032-63EC-448C-9183-45BDB2ECAC7B}.Debug|Any CPU.Build.0 = Debug|Any CPU
		{B7321032-63EC-448C-9183-45BDB2ECAC7B}.Release|Any CPU.ActiveCfg = Release|Any CPU
		{B7321032-63EC-448C-9183-45BDB2ECAC7B}.Release|Any CPU.Build.0 = Release|Any CPU
	EndGlobalSection
	GlobalSection(SolutionProperties) = preSolution
		HideSolutionNode = FALSE
	EndGlobalSection
	GlobalSection(NestedProjects) = preSolution
		{BC10B978-9CA4-6935-C501-8DD3B1F9BAEB} = {02EA681E-C7D8-13C7-8484-4AC65E1B71E8}
	EndGlobalSection
	GlobalSection(ExtensibilityGlobals) = postSolution
		SolutionGuid = {3C2E8F36-DF14-43F8-87B1-E95E8435D9BB}
	EndGlobalSection
EndGlobal
